// !$*UTF8*$!
{
	archiveVersion = 1;
	classes = {
	};
	objectVersion = 46;
	objects = {

/* Begin PBXBuildFile section */
		1D3623260D0F684500981E51 /* MobileDesignerAppDelegate.m in Sources */ = {isa = PBXBuildFile; fileRef = 1D3623250D0F684500981E51 /* MobileDesignerAppDelegate.m */; };
		1D60589B0D05DD56006BFB54 /* main.m in Sources */ = {isa = PBXBuildFile; fileRef = 29B97316FDCFA39411CA2CEA /* main.m */; };
		1D60589F0D05DD5A006BFB54 /* Foundation.framework in Frameworks */ = {isa = PBXBuildFile; fileRef = 1D30AB110D05D00D00671497 /* Foundation.framework */; };
		1DF5F4E00D08C38300B7A737 /* UIKit.framework in Frameworks */ = {isa = PBXBuildFile; fileRef = 1DF5F4DF0D08C38300B7A737 /* UIKit.framework */; };
		288765A50DF7441C002DB57D /* CoreGraphics.framework in Frameworks */ = {isa = PBXBuildFile; fileRef = 288765A40DF7441C002DB57D /* CoreGraphics.framework */; };
		28AD733F0D9D9553002E5188 /* MainWindow.xib in Resources */ = {isa = PBXBuildFile; fileRef = 28AD733E0D9D9553002E5188 /* MainWindow.xib */; };
		28D801B40F44B63D00FB423F /* CoreData.framework in Frameworks */ = {isa = PBXBuildFile; fileRef = 28D801B30F44B63D00FB423F /* CoreData.framework */; };
		379A5C3612A857EA007CC256 /* Project.m in Sources */ = {isa = PBXBuildFile; fileRef = 379A5C3112A857EA007CC256 /* Project.m */; };
		379A5C3712A857EA007CC256 /* Shape.m in Sources */ = {isa = PBXBuildFile; fileRef = 379A5C3312A857EA007CC256 /* Shape.m */; };
		379A5C3812A857EA007CC256 /* Slide.m in Sources */ = {isa = PBXBuildFile; fileRef = 379A5C3512A857EA007CC256 /* Slide.m */; };
		379A5C7512A86224007CC256 /* MainWindow-iPad.xib in Resources */ = {isa = PBXBuildFile; fileRef = 379A5C7412A86224007CC256 /* MainWindow-iPad.xib */; };
		379A5CA912A86B29007CC256 /* NewProjectViewController.m in Sources */ = {isa = PBXBuildFile; fileRef = 379A5CA712A86B29007CC256 /* NewProjectViewController.m */; };
		379A5CAA12A86B29007CC256 /* NewProjectViewController.xib in Resources */ = {isa = PBXBuildFile; fileRef = 379A5CA812A86B29007CC256 /* NewProjectViewController.xib */; };
		379A5CB112A86B59007CC256 /* NewProjectViewController-iPad.xib in Resources */ = {isa = PBXBuildFile; fileRef = 379A5CAF12A86B59007CC256 /* NewProjectViewController-iPad.xib */; };
		9F647E1D12A99E730008B2DB /* MobileDesigner.xcdatamodel in Sources */ = {isa = PBXBuildFile; fileRef = 379A5C0D12A8548D007CC256 /* MobileDesigner.xcdatamodel */; };
		9F647E5912A99FBE0008B2DB /* MobileDesigner.xcdatamodeld in Sources */ = {isa = PBXBuildFile; fileRef = 9F647E5812A99FBE0008B2DB /* MobileDesigner.xcdatamodeld */; };
		9F647E7A12A9C9410008B2DB /* ProjectMenu.m in Sources */ = {isa = PBXBuildFile; fileRef = 9F647E7812A9C9410008B2DB /* ProjectMenu.m */; };
		9F647E7B12A9C9410008B2DB /* ProjectMenu.xib in Resources */ = {isa = PBXBuildFile; fileRef = 9F647E7912A9C9410008B2DB /* ProjectMenu.xib */; };
		9F647E8012A9C95A0008B2DB /* ProjectMenu-iPad.xib in Resources */ = {isa = PBXBuildFile; fileRef = 9F647E7E12A9C95A0008B2DB /* ProjectMenu-iPad.xib */; };
		9F941D3F12A8A43300E2EACE /* MapKit.framework in Frameworks */ = {isa = PBXBuildFile; fileRef = 9F941D3E12A8A43300E2EACE /* MapKit.framework */; };
		9F941DD312A8BD8500E2EACE /* CoreLocation.framework in Frameworks */ = {isa = PBXBuildFile; fileRef = 9F941DD212A8BD8500E2EACE /* CoreLocation.framework */; };
		9F941E6412A8CEAC00E2EACE /* MobileDesignerUtilities.m in Sources */ = {isa = PBXBuildFile; fileRef = 9F941E6312A8CEAC00E2EACE /* MobileDesignerUtilities.m */; };
		9F941E8412A8D00200E2EACE /* QuartzCore.framework in Frameworks */ = {isa = PBXBuildFile; fileRef = 9F941E8312A8D00200E2EACE /* QuartzCore.framework */; };
		9FBA3A0E12A970AB00F56D56 /* CoreDataTableViewController.m in Sources */ = {isa = PBXBuildFile; fileRef = 9FBA3A0D12A970AB00F56D56 /* CoreDataTableViewController.m */; };
		9FBA3A1312A970DF00F56D56 /* ProjectsTableViewController.m in Sources */ = {isa = PBXBuildFile; fileRef = 9FBA3A1212A970DF00F56D56 /* ProjectsTableViewController.m */; };
		9FBA3AF512A97F6B00F56D56 /* MainMenuViewController.m in Sources */ = {isa = PBXBuildFile; fileRef = 9FBA3AF312A97F6B00F56D56 /* MainMenuViewController.m */; };
		9FBA3AF612A97F6B00F56D56 /* MainMenuViewController.xib in Resources */ = {isa = PBXBuildFile; fileRef = 9FBA3AF412A97F6B00F56D56 /* MainMenuViewController.xib */; };
		9FBA3B0712A97FA900F56D56 /* MainMenuViewController-iPad.xib in Resources */ = {isa = PBXBuildFile; fileRef = 9FBA3B0512A97FA900F56D56 /* MainMenuViewController-iPad.xib */; };
/* End PBXBuildFile section */

/* Begin PBXFileReference section */
		1D30AB110D05D00D00671497 /* Foundation.framework */ = {isa = PBXFileReference; lastKnownFileType = wrapper.framework; name = Foundation.framework; path = System/Library/Frameworks/Foundation.framework; sourceTree = SDKROOT; };
		1D3623240D0F684500981E51 /* MobileDesignerAppDelegate.h */ = {isa = PBXFileReference; fileEncoding = 4; lastKnownFileType = sourcecode.c.h; path = MobileDesignerAppDelegate.h; sourceTree = "<group>"; };
		1D3623250D0F684500981E51 /* MobileDesignerAppDelegate.m */ = {isa = PBXFileReference; fileEncoding = 4; lastKnownFileType = sourcecode.c.objc; path = MobileDesignerAppDelegate.m; sourceTree = "<group>"; };
		1D6058910D05DD3D006BFB54 /* MobileDesigner.app */ = {isa = PBXFileReference; explicitFileType = wrapper.application; includeInIndex = 0; path = MobileDesigner.app; sourceTree = BUILT_PRODUCTS_DIR; };
		1DF5F4DF0D08C38300B7A737 /* UIKit.framework */ = {isa = PBXFileReference; lastKnownFileType = wrapper.framework; name = UIKit.framework; path = System/Library/Frameworks/UIKit.framework; sourceTree = SDKROOT; };
		288765A40DF7441C002DB57D /* CoreGraphics.framework */ = {isa = PBXFileReference; lastKnownFileType = wrapper.framework; name = CoreGraphics.framework; path = System/Library/Frameworks/CoreGraphics.framework; sourceTree = SDKROOT; };
		28AD733E0D9D9553002E5188 /* MainWindow.xib */ = {isa = PBXFileReference; lastKnownFileType = file.xib; path = MainWindow.xib; sourceTree = "<group>"; };
		28D801B30F44B63D00FB423F /* CoreData.framework */ = {isa = PBXFileReference; lastKnownFileType = wrapper.framework; name = CoreData.framework; path = System/Library/Frameworks/CoreData.framework; sourceTree = SDKROOT; };
		29B97316FDCFA39411CA2CEA /* main.m */ = {isa = PBXFileReference; fileEncoding = 4; lastKnownFileType = sourcecode.c.objc; path = main.m; sourceTree = "<group>"; };
		32CA4F630368D1EE00C91783 /* MobileDesigner_Prefix.pch */ = {isa = PBXFileReference; fileEncoding = 4; lastKnownFileType = sourcecode.c.h; path = MobileDesigner_Prefix.pch; sourceTree = "<group>"; };
		379A5C0D12A8548D007CC256 /* MobileDesigner.xcdatamodel */ = {isa = PBXFileReference; fileEncoding = 4; lastKnownFileType = wrapper.xcdatamodel; path = MobileDesigner.xcdatamodel; sourceTree = "<group>"; };
		379A5C3012A857EA007CC256 /* Project.h */ = {isa = PBXFileReference; fileEncoding = 4; lastKnownFileType = sourcecode.c.h; name = Project.h; path = ../Project.h; sourceTree = "<group>"; };
		379A5C3112A857EA007CC256 /* Project.m */ = {isa = PBXFileReference; fileEncoding = 4; lastKnownFileType = sourcecode.c.objc; name = Project.m; path = ../Project.m; sourceTree = "<group>"; };
		379A5C3212A857EA007CC256 /* Shape.h */ = {isa = PBXFileReference; fileEncoding = 4; lastKnownFileType = sourcecode.c.h; name = Shape.h; path = ../Shape.h; sourceTree = "<group>"; };
		379A5C3312A857EA007CC256 /* Shape.m */ = {isa = PBXFileReference; fileEncoding = 4; lastKnownFileType = sourcecode.c.objc; name = Shape.m; path = ../Shape.m; sourceTree = "<group>"; };
		379A5C3412A857EA007CC256 /* Slide.h */ = {isa = PBXFileReference; fileEncoding = 4; lastKnownFileType = sourcecode.c.h; name = Slide.h; path = ../Slide.h; sourceTree = "<group>"; };
		379A5C3512A857EA007CC256 /* Slide.m */ = {isa = PBXFileReference; fileEncoding = 4; lastKnownFileType = sourcecode.c.objc; name = Slide.m; path = ../Slide.m; sourceTree = "<group>"; };
		379A5C7412A86224007CC256 /* MainWindow-iPad.xib */ = {isa = PBXFileReference; lastKnownFileType = file.xib; name = "MainWindow-iPad.xib"; path = "Resources-iPad/MainWindow-iPad.xib"; sourceTree = "<group>"; };
		379A5CA612A86B29007CC256 /* NewProjectViewController.h */ = {isa = PBXFileReference; fileEncoding = 4; lastKnownFileType = sourcecode.c.h; path = NewProjectViewController.h; sourceTree = "<group>"; };
		379A5CA712A86B29007CC256 /* NewProjectViewController.m */ = {isa = PBXFileReference; fileEncoding = 4; lastKnownFileType = sourcecode.c.objc; path = NewProjectViewController.m; sourceTree = "<group>"; };
		379A5CA812A86B29007CC256 /* NewProjectViewController.xib */ = {isa = PBXFileReference; lastKnownFileType = file.xib; name = NewProjectViewController.xib; path = Classes/NewProjectViewController.xib; sourceTree = "<group>"; };
		379A5CAF12A86B59007CC256 /* NewProjectViewController-iPad.xib */ = {isa = PBXFileReference; lastKnownFileType = file.xib; path = "NewProjectViewController-iPad.xib"; sourceTree = "<group>"; };
		8D1107310486CEB800E47090 /* MobileDesigner-Info.plist */ = {isa = PBXFileReference; fileEncoding = 4; lastKnownFileType = text.plist.xml; path = "MobileDesigner-Info.plist"; plistStructureDefinitionIdentifier = "com.apple.xcode.plist.structure-definition.iphone.info-plist"; sourceTree = "<group>"; };
		9F647E7712A9C9410008B2DB /* ProjectMenu.h */ = {isa = PBXFileReference; fileEncoding = 4; lastKnownFileType = sourcecode.c.h; path = ProjectMenu.h; sourceTree = "<group>"; };
		9F647E7812A9C9410008B2DB /* ProjectMenu.m */ = {isa = PBXFileReference; fileEncoding = 4; lastKnownFileType = sourcecode.c.objc; path = ProjectMenu.m; sourceTree = "<group>"; };
		9F647E7912A9C9410008B2DB /* ProjectMenu.xib */ = {isa = PBXFileReference; lastKnownFileType = file.xib; name = ProjectMenu.xib; path = Classes/ProjectMenu.xib; sourceTree = "<group>"; };
		9F647E7E12A9C95A0008B2DB /* ProjectMenu-iPad.xib */ = {isa = PBXFileReference; lastKnownFileType = file.xib; path = "ProjectMenu-iPad.xib"; sourceTree = "<group>"; };
		9F941D3E12A8A43300E2EACE /* MapKit.framework */ = {isa = PBXFileReference; lastKnownFileType = wrapper.framework; name = MapKit.framework; path = System/Library/Frameworks/MapKit.framework; sourceTree = SDKROOT; };
		9F941DD212A8BD8500E2EACE /* CoreLocation.framework */ = {isa = PBXFileReference; lastKnownFileType = wrapper.framework; name = CoreLocation.framework; path = System/Library/Frameworks/CoreLocation.framework; sourceTree = SDKROOT; };
		9F941E6212A8CEAC00E2EACE /* MobileDesignerUtilities.h */ = {isa = PBXFileReference; fileEncoding = 4; lastKnownFileType = sourcecode.c.h; path = MobileDesignerUtilities.h; sourceTree = "<group>"; };
		9F941E6312A8CEAC00E2EACE /* MobileDesignerUtilities.m */ = {isa = PBXFileReference; fileEncoding = 4; lastKnownFileType = sourcecode.c.objc; path = MobileDesignerUtilities.m; sourceTree = "<group>"; };
		9F941E8312A8D00200E2EACE /* QuartzCore.framework */ = {isa = PBXFileReference; lastKnownFileType = wrapper.framework; name = QuartzCore.framework; path = System/Library/Frameworks/QuartzCore.framework; sourceTree = SDKROOT; };
		9FBA3A0C12A970AB00F56D56 /* CoreDataTableViewController.h */ = {isa = PBXFileReference; fileEncoding = 4; lastKnownFileType = sourcecode.c.h; path = CoreDataTableViewController.h; sourceTree = "<group>"; };
		9FBA3A0D12A970AB00F56D56 /* CoreDataTableViewController.m */ = {isa = PBXFileReference; fileEncoding = 4; lastKnownFileType = sourcecode.c.objc; path = CoreDataTableViewController.m; sourceTree = "<group>"; };
		9FBA3A1112A970DF00F56D56 /* ProjectsTableViewController.h */ = {isa = PBXFileReference; fileEncoding = 4; lastKnownFileType = sourcecode.c.h; path = ProjectsTableViewController.h; sourceTree = "<group>"; };
		9FBA3A1212A970DF00F56D56 /* ProjectsTableViewController.m */ = {isa = PBXFileReference; fileEncoding = 4; lastKnownFileType = sourcecode.c.objc; path = ProjectsTableViewController.m; sourceTree = "<group>"; };
		9FBA3AC012A97AA000F56D56 /* ProjectRoutingDelegates.h */ = {isa = PBXFileReference; fileEncoding = 4; lastKnownFileType = sourcecode.c.h; path = ProjectRoutingDelegates.h; sourceTree = "<group>"; };
		9FBA3AF212A97F6B00F56D56 /* MainMenuViewController.h */ = {isa = PBXFileReference; fileEncoding = 4; lastKnownFileType = sourcecode.c.h; path = MainMenuViewController.h; sourceTree = "<group>"; };
		9FBA3AF312A97F6B00F56D56 /* MainMenuViewController.m */ = {isa = PBXFileReference; fileEncoding = 4; lastKnownFileType = sourcecode.c.objc; path = MainMenuViewController.m; sourceTree = "<group>"; };
		9FBA3AF412A97F6B00F56D56 /* MainMenuViewController.xib */ = {isa = PBXFileReference; lastKnownFileType = file.xib; name = MainMenuViewController.xib; path = Classes/MainMenuViewController.xib; sourceTree = "<group>"; };
		9FBA3B0512A97FA900F56D56 /* MainMenuViewController-iPad.xib */ = {isa = PBXFileReference; lastKnownFileType = file.xib; path = "MainMenuViewController-iPad.xib"; sourceTree = "<group>"; };
/* End PBXFileReference section */

/* Begin PBXFrameworksBuildPhase section */
		1D60588F0D05DD3D006BFB54 /* Frameworks */ = {
			isa = PBXFrameworksBuildPhase;
			buildActionMask = 2147483647;
			files = (
				1D60589F0D05DD5A006BFB54 /* Foundation.framework in Frameworks */,
				1DF5F4E00D08C38300B7A737 /* UIKit.framework in Frameworks */,
				288765A50DF7441C002DB57D /* CoreGraphics.framework in Frameworks */,
				28D801B40F44B63D00FB423F /* CoreData.framework in Frameworks */,
				9F941D3F12A8A43300E2EACE /* MapKit.framework in Frameworks */,
				9F941DD312A8BD8500E2EACE /* CoreLocation.framework in Frameworks */,
				9F941E8412A8D00200E2EACE /* QuartzCore.framework in Frameworks */,
			);
			runOnlyForDeploymentPostprocessing = 0;
		};
/* End PBXFrameworksBuildPhase section */

/* Begin PBXGroup section */
		080E96DDFE201D6D7F000001 /* Classes */ = {
			isa = PBXGroup;
			children = (
				9FBA3AF212A97F6B00F56D56 /* MainMenuViewController.h */,
				9FBA3AF312A97F6B00F56D56 /* MainMenuViewController.m */,
				1D3623240D0F684500981E51 /* MobileDesignerAppDelegate.h */,
				1D3623250D0F684500981E51 /* MobileDesignerAppDelegate.m */,
				9F941E6212A8CEAC00E2EACE /* MobileDesignerUtilities.h */,
				9F941E6312A8CEAC00E2EACE /* MobileDesignerUtilities.m */,
				379A5CA612A86B29007CC256 /* NewProjectViewController.h */,
				379A5CA712A86B29007CC256 /* NewProjectViewController.m */,
				379A5C3012A857EA007CC256 /* Project.h */,
				379A5C3112A857EA007CC256 /* Project.m */,
				9F647E7712A9C9410008B2DB /* ProjectMenu.h */,
				9F647E7812A9C9410008B2DB /* ProjectMenu.m */,
				9FBA3AC012A97AA000F56D56 /* ProjectRoutingDelegates.h */,
				9FBA3A1112A970DF00F56D56 /* ProjectsTableViewController.h */,
				9FBA3A1212A970DF00F56D56 /* ProjectsTableViewController.m */,
				379A5C3212A857EA007CC256 /* Shape.h */,
				379A5C3312A857EA007CC256 /* Shape.m */,
				379A5C3412A857EA007CC256 /* Slide.h */,
				379A5C3512A857EA007CC256 /* Slide.m */,
			);
			path = Classes;
			sourceTree = "<group>";
		};
		19C28FACFE9D520D11CA2CBB /* Products */ = {
			isa = PBXGroup;
			children = (
				1D6058910D05DD3D006BFB54 /* MobileDesigner.app */,
			);
			name = Products;
			sourceTree = "<group>";
		};
		29B97314FDCFA39411CA2CEA /* CustomTemplate */ = {
			isa = PBXGroup;
			children = (
				080E96DDFE201D6D7F000001 /* Classes */,
				29B97315FDCFA39411CA2CEA /* Other Sources */,
				29B97317FDCFA39411CA2CEA /* Resources */,
				379A5C7312A86223007CC256 /* Resources-iPad */,
				29B97323FDCFA39411CA2CEA /* Frameworks */,
				19C28FACFE9D520D11CA2CBB /* Products */,
			);
			name = CustomTemplate;
			sourceTree = "<group>";
		};
		29B97315FDCFA39411CA2CEA /* Other Sources */ = {
			isa = PBXGroup;
			children = (
				9FBA3A0C12A970AB00F56D56 /* CoreDataTableViewController.h */,
				9FBA3A0D12A970AB00F56D56 /* CoreDataTableViewController.m */,
				32CA4F630368D1EE00C91783 /* MobileDesigner_Prefix.pch */,
				29B97316FDCFA39411CA2CEA /* main.m */,
			);
			name = "Other Sources";
			sourceTree = "<group>";
		};
		29B97317FDCFA39411CA2CEA /* Resources */ = {
			isa = PBXGroup;
			children = (
				9F647E5812A99FBE0008B2DB /* MobileDesigner.xcdatamodeld */,
				379A5CA812A86B29007CC256 /* NewProjectViewController.xib */,
				9F647E7912A9C9410008B2DB /* ProjectMenu.xib */,
				28AD733E0D9D9553002E5188 /* MainWindow.xib */,
				9FBA3AF412A97F6B00F56D56 /* MainMenuViewController.xib */,
				8D1107310486CEB800E47090 /* MobileDesigner-Info.plist */,
			);
			name = Resources;
			sourceTree = "<group>";
		};
		29B97323FDCFA39411CA2CEA /* Frameworks */ = {
			isa = PBXGroup;
			children = (
				9F941E8312A8D00200E2EACE /* QuartzCore.framework */,
				9F941DD212A8BD8500E2EACE /* CoreLocation.framework */,
				1DF5F4DF0D08C38300B7A737 /* UIKit.framework */,
				1D30AB110D05D00D00671497 /* Foundation.framework */,
				288765A40DF7441C002DB57D /* CoreGraphics.framework */,
				28D801B30F44B63D00FB423F /* CoreData.framework */,
				9F941D3E12A8A43300E2EACE /* MapKit.framework */,
			);
			name = Frameworks;
			sourceTree = "<group>";
		};
		379A5C7312A86223007CC256 /* Resources-iPad */ = {
			isa = PBXGroup;
			children = (
				379A5CAF12A86B59007CC256 /* NewProjectViewController-iPad.xib */,
				379A5C7412A86224007CC256 /* MainWindow-iPad.xib */,
				9FBA3B0512A97FA900F56D56 /* MainMenuViewController-iPad.xib */,
				9F647E7E12A9C95A0008B2DB /* ProjectMenu-iPad.xib */,
			);
			name = "Resources-iPad";
			sourceTree = "<group>";
		};
/* End PBXGroup section */

/* Begin PBXNativeTarget section */
		1D6058900D05DD3D006BFB54 /* MobileDesigner */ = {
			isa = PBXNativeTarget;
			buildConfigurationList = 1D6058960D05DD3E006BFB54 /* Build configuration list for PBXNativeTarget "MobileDesigner" */;
			buildPhases = (
				1D60588D0D05DD3D006BFB54 /* Resources */,
				1D60588E0D05DD3D006BFB54 /* Sources */,
				1D60588F0D05DD3D006BFB54 /* Frameworks */,
			);
			buildRules = (
			);
			dependencies = (
			);
			name = MobileDesigner;
			productName = MobileDesigner;
			productReference = 1D6058910D05DD3D006BFB54 /* MobileDesigner.app */;
			productType = "com.apple.product-type.application";
		};
/* End PBXNativeTarget section */

/* Begin PBXProject section */
		29B97313FDCFA39411CA2CEA /* Project object */ = {
			isa = PBXProject;
			buildConfigurationList = C01FCF4E08A954540054247B /* Build configuration list for PBXProject "MobileDesigner" */;
			compatibilityVersion = "Xcode 3.2";
			developmentRegion = English;
			hasScannedForEncodings = 1;
			knownRegions = (
				English,
				Japanese,
				French,
				German,
			);
			mainGroup = 29B97314FDCFA39411CA2CEA /* CustomTemplate */;
			projectDirPath = "";
			projectRoot = "";
			targets = (
				1D6058900D05DD3D006BFB54 /* MobileDesigner */,
			);
		};
/* End PBXProject section */

/* Begin PBXResourcesBuildPhase section */
		1D60588D0D05DD3D006BFB54 /* Resources */ = {
			isa = PBXResourcesBuildPhase;
			buildActionMask = 2147483647;
			files = (
				28AD733F0D9D9553002E5188 /* MainWindow.xib in Resources */,
				379A5C7512A86224007CC256 /* MainWindow-iPad.xib in Resources */,
				379A5CAA12A86B29007CC256 /* NewProjectViewController.xib in Resources */,
				379A5CB112A86B59007CC256 /* NewProjectViewController-iPad.xib in Resources */,
				9FBA3AF612A97F6B00F56D56 /* MainMenuViewController.xib in Resources */,
				9FBA3B0712A97FA900F56D56 /* MainMenuViewController-iPad.xib in Resources */,
				9F647E7B12A9C9410008B2DB /* ProjectMenu.xib in Resources */,
				9F647E8012A9C95A0008B2DB /* ProjectMenu-iPad.xib in Resources */,
			);
			runOnlyForDeploymentPostprocessing = 0;
		};
/* End PBXResourcesBuildPhase section */

/* Begin PBXSourcesBuildPhase section */
		1D60588E0D05DD3D006BFB54 /* Sources */ = {
			isa = PBXSourcesBuildPhase;
			buildActionMask = 2147483647;
			files = (
				1D60589B0D05DD56006BFB54 /* main.m in Sources */,
				1D3623260D0F684500981E51 /* MobileDesignerAppDelegate.m in Sources */,
				379A5C3612A857EA007CC256 /* Project.m in Sources */,
				379A5C3712A857EA007CC256 /* Shape.m in Sources */,
				379A5C3812A857EA007CC256 /* Slide.m in Sources */,
				379A5CA912A86B29007CC256 /* NewProjectViewController.m in Sources */,
				9F941E6412A8CEAC00E2EACE /* MobileDesignerUtilities.m in Sources */,
				9FBA3A0E12A970AB00F56D56 /* CoreDataTableViewController.m in Sources */,
				9FBA3A1312A970DF00F56D56 /* ProjectsTableViewController.m in Sources */,
				9FBA3AF512A97F6B00F56D56 /* MainMenuViewController.m in Sources */,
				9F647E1D12A99E730008B2DB /* MobileDesigner.xcdatamodel in Sources */,
				9F647E5912A99FBE0008B2DB /* MobileDesigner.xcdatamodeld in Sources */,
				9F647E7A12A9C9410008B2DB /* ProjectMenu.m in Sources */,
			);
			runOnlyForDeploymentPostprocessing = 0;
		};
/* End PBXSourcesBuildPhase section */

/* Begin XCBuildConfiguration section */
		1D6058940D05DD3E006BFB54 /* Debug */ = {
			isa = XCBuildConfiguration;
			buildSettings = {
				ALWAYS_SEARCH_USER_PATHS = NO;
				ARCHS = "$(ARCHS_STANDARD_32_BIT)";
				COPY_PHASE_STRIP = NO;
				GCC_DYNAMIC_NO_PIC = NO;
				GCC_OPTIMIZATION_LEVEL = 0;
				GCC_PRECOMPILE_PREFIX_HEADER = YES;
				GCC_PREFIX_HEADER = MobileDesigner_Prefix.pch;
				INFOPLIST_FILE = "MobileDesigner-Info.plist";
				PRODUCT_NAME = MobileDesigner;
				SDKROOT = iphoneos3.2;
				TARGETED_DEVICE_FAMILY = "1,2";
			};
			name = Debug;
		};
		1D6058950D05DD3E006BFB54 /* Release */ = {
			isa = XCBuildConfiguration;
			buildSettings = {
				ALWAYS_SEARCH_USER_PATHS = NO;
				ARCHS = "$(ARCHS_STANDARD_32_BIT)";
				COPY_PHASE_STRIP = YES;
				GCC_PRECOMPILE_PREFIX_HEADER = YES;
				GCC_PREFIX_HEADER = MobileDesigner_Prefix.pch;
				INFOPLIST_FILE = "MobileDesigner-Info.plist";
				PRODUCT_NAME = MobileDesigner;
				SDKROOT = iphoneos3.2;
				TARGETED_DEVICE_FAMILY = "1,2";
				VALIDATE_PRODUCT = YES;
			};
			name = Release;
		};
		C01FCF4F08A954540054247B /* Debug */ = {
			isa = XCBuildConfiguration;
			buildSettings = {
				ARCHS = "$(ARCHS_STANDARD_32_BIT)";
				"CODE_SIGN_IDENTITY[sdk=iphoneos*]" = "iPhone Developer";
				GCC_C_LANGUAGE_STANDARD = c99;
				GCC_WARN_ABOUT_RETURN_TYPE = YES;
				GCC_WARN_UNUSED_VARIABLE = YES;
				PREBINDING = NO;
				SDKROOT = iphoneos4.1;
			};
			name = Debug;
		};
		C01FCF5008A954540054247B /* Release */ = {
			isa = XCBuildConfiguration;
			buildSettings = {
				ARCHS = "$(ARCHS_STANDARD_32_BIT)";
				"CODE_SIGN_IDENTITY[sdk=iphoneos*]" = "iPhone Developer";
				GCC_C_LANGUAGE_STANDARD = c99;
				GCC_WARN_ABOUT_RETURN_TYPE = YES;
				GCC_WARN_UNUSED_VARIABLE = YES;
				OTHER_CFLAGS = "-DNS_BLOCK_ASSERTIONS=1";
				PREBINDING = NO;
				SDKROOT = iphoneos4.1;
			};
			name = Release;
		};
/* End XCBuildConfiguration section */

/* Begin XCConfigurationList section */
		1D6058960D05DD3E006BFB54 /* Build configuration list for PBXNativeTarget "MobileDesigner" */ = {
			isa = XCConfigurationList;
			buildConfigurations = (
				1D6058940D05DD3E006BFB54 /* Debug */,
				1D6058950D05DD3E006BFB54 /* Release */,
			);
			defaultConfigurationIsVisible = 0;
			defaultConfigurationName = Release;
		};
		C01FCF4E08A954540054247B /* Build configuration list for PBXProject "MobileDesigner" */ = {
			isa = XCConfigurationList;
			buildConfigurations = (
				C01FCF4F08A954540054247B /* Debug */,
				C01FCF5008A954540054247B /* Release */,
			);
			defaultConfigurationIsVisible = 0;
			defaultConfigurationName = Release;
		};
/* End XCConfigurationList section */

/* Begin XCVersionGroup section */
		9F647E5812A99FBE0008B2DB /* MobileDesigner.xcdatamodeld */ = {
			isa = XCVersionGroup;
			children = (
				379A5C0D12A8548D007CC256 /* MobileDesigner.xcdatamodel */,
			);
			currentVersion = 379A5C0D12A8548D007CC256 /* MobileDesigner.xcdatamodel */;
			path = MobileDesigner.xcdatamodeld;
			sourceTree = "<group>";
			versionGroupType = wrapper.xcdatamodel;
		};
/* End XCVersionGroup section */
	};
	rootObject = 29B97313FDCFA39411CA2CEA /* Project object */;
}
